
Microsoft Visual Studio Solution File, Format Version 12.00
# Visual Studio 15
VisualStudioVersion = 15.0.28010.2016
MinimumVisualStudioVersion = 10.0.40219.1
Project("{FAE04EC0-301F-11D3-BF4B-00C04F79EFBC}") = "Array_List_Exercises", "Array_List_Exercises\Array_List_Exercises.csproj", "{36ECC9EC-49F8-4ACE-ACD2-0A93222836A2}"
EndProject
Global
	GlobalSection(SolutionConfigurationPlatforms) = preSolution
		Debug|Any CPU = Debug|Any CPU
		Release|Any CPU = Release|Any CPU
	EndGlobalSection
	GlobalSection(ProjectConfigurationPlatforms) = postSolution
		{36ECC9EC-49F8-4ACE-ACD2-0A93222836A2}.Debug|Any CPU.ActiveCfg = Debug|Any CPU
		{36ECC9EC-49F8-4ACE-ACD2-0A93222836A2}.Debug|Any CPU.Build.0 = Debug|Any CPU
		{36ECC9EC-49F8-4ACE-ACD2-0A93222836A2}.Release|Any CPU.ActiveCfg = Release|Any CPU
		{36ECC9EC-49F8-4ACE-ACD2-0A93222836A2}.Release|Any CPU.Build.0 = Release|Any CPU
	EndGlobalSection
	GlobalSection(SolutionProperties) = preSolution
		HideSolutionNode = FALSE
	EndGlobalSection
	GlobalSection(ExtensibilityGlobals) = postSolution
		SolutionGuid = {9DF0BAAA-D7FA-4123-A771-88FB08A6B11B}
	EndGlobalSection
EndGlobal
